// !$*UTF8*$!
{
	archiveVersion = 1;
	classes = {
	};
	objectVersion = 50;
	objects = {

/* Begin PBXBuildFile section */
		6F3137C623543B17006C3AF5 /* AppDelegate.swift in Sources */ = {isa = PBXBuildFile; fileRef = 6F3137C523543B17006C3AF5 /* AppDelegate.swift */; };
		6F3137C823543B17006C3AF5 /* SceneDelegate.swift in Sources */ = {isa = PBXBuildFile; fileRef = 6F3137C723543B17006C3AF5 /* SceneDelegate.swift */; };
		6F3137CD23543B17006C3AF5 /* Main.storyboard in Resources */ = {isa = PBXBuildFile; fileRef = 6F3137CB23543B17006C3AF5 /* Main.storyboard */; };
		6F3137D023543B17006C3AF5 /* Virtual_Tourist.xcdatamodeld in Sources */ = {isa = PBXBuildFile; fileRef = 6F3137CE23543B17006C3AF5 /* Virtual_Tourist.xcdatamodeld */; };
		6F3137D223543B18006C3AF5 /* Assets.xcassets in Resources */ = {isa = PBXBuildFile; fileRef = 6F3137D123543B18006C3AF5 /* Assets.xcassets */; };
		6F3137D523543B18006C3AF5 /* LaunchScreen.storyboard in Resources */ = {isa = PBXBuildFile; fileRef = 6F3137D323543B18006C3AF5 /* LaunchScreen.storyboard */; };
		6F3137E023543BB9006C3AF5 /* API.swift in Sources */ = {isa = PBXBuildFile; fileRef = 6F3137DF23543BB9006C3AF5 /* API.swift */; };
		6F3137E223546974006C3AF5 /* photos.swift in Sources */ = {isa = PBXBuildFile; fileRef = 6F3137E123546974006C3AF5 /* photos.swift */; };
		6F3137E423559EE9006C3AF5 /* MapViewController.swift in Sources */ = {isa = PBXBuildFile; fileRef = 6F3137E323559EE9006C3AF5 /* MapViewController.swift */; };
		6F3137E62355B245006C3AF5 /* Pin+Extra.swift in Sources */ = {isa = PBXBuildFile; fileRef = 6F3137E52355B245006C3AF5 /* Pin+Extra.swift */; };
		6F3137E82355B41B006C3AF5 /* DataController.swift in Sources */ = {isa = PBXBuildFile; fileRef = 6F3137E72355B41B006C3AF5 /* DataController.swift */; };
		6F3137EA235605F2006C3AF5 /* PhotosViewController.swift in Sources */ = {isa = PBXBuildFile; fileRef = 6F3137E9235605F2006C3AF5 /* PhotosViewController.swift */; };
		6F3137EC23560637006C3AF5 /* PhotoViewCell.swift in Sources */ = {isa = PBXBuildFile; fileRef = 6F3137EB23560637006C3AF5 /* PhotoViewCell.swift */; };
/* End PBXBuildFile section */

/* Begin PBXFileReference section */
		6F3137C223543B16006C3AF5 /* Virtual Tourist.app */ = {isa = PBXFileReference; explicitFileType = wrapper.application; includeInIndex = 0; path = "Virtual Tourist.app"; sourceTree = BUILT_PRODUCTS_DIR; };
		6F3137C523543B17006C3AF5 /* AppDelegate.swift */ = {isa = PBXFileReference; lastKnownFileType = sourcecode.swift; path = AppDelegate.swift; sourceTree = "<group>"; };
		6F3137C723543B17006C3AF5 /* SceneDelegate.swift */ = {isa = PBXFileReference; lastKnownFileType = sourcecode.swift; path = SceneDelegate.swift; sourceTree = "<group>"; };
		6F3137CC23543B17006C3AF5 /* Base */ = {isa = PBXFileReference; lastKnownFileType = file.storyboard; name = Base; path = Base.lproj/Main.storyboard; sourceTree = "<group>"; };
		6F3137CF23543B17006C3AF5 /* Virtual_Tourist.xcdatamodel */ = {isa = PBXFileReference; lastKnownFileType = wrapper.xcdatamodel; path = Virtual_Tourist.xcdatamodel; sourceTree = "<group>"; };
		6F3137D123543B18006C3AF5 /* Assets.xcassets */ = {isa = PBXFileReference; lastKnownFileType = folder.assetcatalog; path = Assets.xcassets; sourceTree = "<group>"; };
		6F3137D423543B18006C3AF5 /* Base */ = {isa = PBXFileReference; lastKnownFileType = file.storyboard; name = Base; path = Base.lproj/LaunchScreen.storyboard; sourceTree = "<group>"; };
		6F3137D623543B18006C3AF5 /* Info.plist */ = {isa = PBXFileReference; lastKnownFileType = text.plist.xml; path = Info.plist; sourceTree = "<group>"; };
		6F3137DF23543BB9006C3AF5 /* API.swift */ = {isa = PBXFileReference; lastKnownFileType = sourcecode.swift; path = API.swift; sourceTree = "<group>"; };
		6F3137E123546974006C3AF5 /* photos.swift */ = {isa = PBXFileReference; lastKnownFileType = sourcecode.swift; path = photos.swift; sourceTree = "<group>"; };
		6F3137E323559EE9006C3AF5 /* MapViewController.swift */ = {isa = PBXFileReference; lastKnownFileType = sourcecode.swift; path = MapViewController.swift; sourceTree = "<group>"; };
		6F3137E52355B245006C3AF5 /* Pin+Extra.swift */ = {isa = PBXFileReference; lastKnownFileType = sourcecode.swift; path = "Pin+Extra.swift"; sourceTree = "<group>"; };
		6F3137E72355B41B006C3AF5 /* DataController.swift */ = {isa = PBXFileReference; lastKnownFileType = sourcecode.swift; path = DataController.swift; sourceTree = "<group>"; };
		6F3137E9235605F2006C3AF5 /* PhotosViewController.swift */ = {isa = PBXFileReference; lastKnownFileType = sourcecode.swift; path = PhotosViewController.swift; sourceTree = "<group>"; };
		6F3137EB23560637006C3AF5 /* PhotoViewCell.swift */ = {isa = PBXFileReference; lastKnownFileType = sourcecode.swift; path = PhotoViewCell.swift; sourceTree = "<group>"; };
/* End PBXFileReference section */

/* Begin PBXFrameworksBuildPhase section */
		6F3137BF23543B16006C3AF5 /* Frameworks */ = {
			isa = PBXFrameworksBuildPhase;
			buildActionMask = 2147483647;
			files = (
			);
			runOnlyForDeploymentPostprocessing = 0;
		};
/* End PBXFrameworksBuildPhase section */

/* Begin PBXGroup section */
		6F3137B923543B16006C3AF5 = {
			isa = PBXGroup;
			children = (
				6F3137C423543B16006C3AF5 /* Virtual Tourist */,
				6F3137C323543B16006C3AF5 /* Products */,
			);
			sourceTree = "<group>";
		};
		6F3137C323543B16006C3AF5 /* Products */ = {
			isa = PBXGroup;
			children = (
				6F3137C223543B16006C3AF5 /* Virtual Tourist.app */,
			);
			name = Products;
			sourceTree = "<group>";
		};
		6F3137C423543B16006C3AF5 /* Virtual Tourist */ = {
			isa = PBXGroup;
			children = (
				6F3137C523543B17006C3AF5 /* AppDelegate.swift */,
				6F3137C723543B17006C3AF5 /* SceneDelegate.swift */,
				6F3137DE23543B9C006C3AF5 /* model */,
				6F3137DD23543B90006C3AF5 /* controller */,
				6F3137DC23543B6D006C3AF5 /* View */,
				6F3137D623543B18006C3AF5 /* Info.plist */,
			);
			path = "Virtual Tourist";
			sourceTree = "<group>";
		};
		6F3137DC23543B6D006C3AF5 /* View */ = {
			isa = PBXGroup;
			children = (
				6F3137CB23543B17006C3AF5 /* Main.storyboard */,
				6F3137D323543B18006C3AF5 /* LaunchScreen.storyboard */,
				6F3137D123543B18006C3AF5 /* Assets.xcassets */,
				6F3137EB23560637006C3AF5 /* PhotoViewCell.swift */,
			);
			path = View;
			sourceTree = "<group>";
		};
		6F3137DD23543B90006C3AF5 /* controller */ = {
			isa = PBXGroup;
			children = (
				6F3137E323559EE9006C3AF5 /* MapViewController.swift */,
				6F3137E9235605F2006C3AF5 /* PhotosViewController.swift */,
			);
			path = controller;
			sourceTree = "<group>";
		};
		6F3137DE23543B9C006C3AF5 /* model */ = {
			isa = PBXGroup;
			children = (
				6F3137CE23543B17006C3AF5 /* Virtual_Tourist.xcdatamodeld */,
				6F3137DF23543BB9006C3AF5 /* API.swift */,
				6F3137E123546974006C3AF5 /* photos.swift */,
				6F3137E52355B245006C3AF5 /* Pin+Extra.swift */,
				6F3137E72355B41B006C3AF5 /* DataController.swift */,
			);
			path = model;
			sourceTree = "<group>";
		};
/* End PBXGroup section */

/* Begin PBXNativeTarget section */
		6F3137C123543B16006C3AF5 /* Virtual Tourist */ = {
			isa = PBXNativeTarget;
			buildConfigurationList = 6F3137D923543B18006C3AF5 /* Build configuration list for PBXNativeTarget "Virtual Tourist" */;
			buildPhases = (
				6F3137BE23543B16006C3AF5 /* Sources */,
				6F3137BF23543B16006C3AF5 /* Frameworks */,
				6F3137C023543B16006C3AF5 /* Resources */,
			);
			buildRules = (
			);
			dependencies = (
			);
			name = "Virtual Tourist";
			productName = "Virtual Tourist";
			productReference = 6F3137C223543B16006C3AF5 /* Virtual Tourist.app */;
			productType = "com.apple.product-type.application";
		};
/* End PBXNativeTarget section */

/* Begin PBXProject section */
		6F3137BA23543B16006C3AF5 /* Project object */ = {
			isa = PBXProject;
			attributes = {
				LastSwiftUpdateCheck = 1100;
				LastUpgradeCheck = 1100;
				ORGANIZATIONNAME = moafaq;
				TargetAttributes = {
					6F3137C123543B16006C3AF5 = {
						CreatedOnToolsVersion = 11.0;
					};
				};
			};
			buildConfigurationList = 6F3137BD23543B16006C3AF5 /* Build configuration list for PBXProject "Virtual Tourist" */;
			compatibilityVersion = "Xcode 9.3";
			developmentRegion = en;
			hasScannedForEncodings = 0;
			knownRegions = (
				en,
				Base,
			);
			mainGroup = 6F3137B923543B16006C3AF5;
			productRefGroup = 6F3137C323543B16006C3AF5 /* Products */;
			projectDirPath = "";
			projectRoot = "";
			targets = (
				6F3137C123543B16006C3AF5 /* Virtual Tourist */,
			);
		};
/* End PBXProject section */

/* Begin PBXResourcesBuildPhase section */
		6F3137C023543B16006C3AF5 /* Resources */ = {
			isa = PBXResourcesBuildPhase;
			buildActionMask = 2147483647;
			files = (
				6F3137D523543B18006C3AF5 /* LaunchScreen.storyboard in Resources */,
				6F3137D223543B18006C3AF5 /* Assets.xcassets in Resources */,
				6F3137CD23543B17006C3AF5 /* Main.storyboard in Resources */,
			);
			runOnlyForDeploymentPostprocessing = 0;
		};
/* End PBXResourcesBuildPhase section */

/* Begin PBXSourcesBuildPhase section */
		6F3137BE23543B16006C3AF5 /* Sources */ = {
			isa = PBXSourcesBuildPhase;
			buildActionMask = 2147483647;
			files = (
				6F3137EA235605F2006C3AF5 /* PhotosViewController.swift in Sources */,
				6F3137D023543B17006C3AF5 /* Virtual_Tourist.xcdatamodeld in Sources */,
				6F3137E423559EE9006C3AF5 /* MapViewController.swift in Sources */,
				6F3137C623543B17006C3AF5 /* AppDelegate.swift in Sources */,
				6F3137C823543B17006C3AF5 /* SceneDelegate.swift in Sources */,
				6F3137E223546974006C3AF5 /* photos.swift in Sources */,
				6F3137E82355B41B006C3AF5 /* DataController.swift in Sources */,
				6F3137E62355B245006C3AF5 /* Pin+Extra.swift in Sources */,
				6F3137E023543BB9006C3AF5 /* API.swift in Sources */,
				6F3137EC23560637006C3AF5 /* PhotoViewCell.swift in Sources */,
			);
			runOnlyForDeploymentPostprocessing = 0;
		};
/* End PBXSourcesBuildPhase section */

/* Begin PBXVariantGroup section */
		6F3137CB23543B17006C3AF5 /* Main.storyboard */ = {
			isa = PBXVariantGroup;
			children = (
				6F3137CC23543B17006C3AF5 /* Base */,
			);
			name = Main.storyboard;
			sourceTree = "<group>";
		};
		6F3137D323543B18006C3AF5 /* LaunchScreen.storyboard */ = {
			isa = PBXVariantGroup;
			children = (
				6F3137D423543B18006C3AF5 /* Base */,
			);
			name = LaunchScreen.storyboard;
			sourceTree = "<group>";
		};
/* End PBXVariantGroup section */

/* Begin XCBuildConfiguration section */
		6F3137D723543B18006C3AF5 /* Debug */ = {
			isa = XCBuildConfiguration;
			buildSettings = {
				ALWAYS_SEARCH_USER_PATHS = NO;
				CLANG_ANALYZER_NONNULL = YES;
				CLANG_ANALYZER_NUMBER_OBJECT_CONVERSION = YES_AGGRESSIVE;
				CLANG_CXX_LANGUAGE_STANDARD = "gnu++14";
				CLANG_CXX_LIBRARY = "libc++";
				CLANG_ENABLE_MODULES = YES;
				CLANG_ENABLE_OBJC_ARC = YES;
				CLANG_ENABLE_OBJC_WEAK = YES;
				CLANG_WARN_BLOCK_CAPTURE_AUTORELEASING = YES;
				CLANG_WARN_BOOL_CONVERSION = YES;
				CLANG_WARN_COMMA = YES;
				CLANG_WARN_CONSTANT_CONVERSION = YES;
				CLANG_WARN_DEPRECATED_OBJC_IMPLEMENTATIONS = YES;
				CLANG_WARN_DIRECT_OBJC_ISA_USAGE = YES_ERROR;
				CLANG_WARN_DOCUMENTATION_COMMENTS = YES;
				CLANG_WARN_EMPTY_BODY = YES;
				CLANG_WARN_ENUM_CONVERSION = YES;
				CLANG_WARN_INFINITE_RECURSION = YES;
				CLANG_WARN_INT_CONVERSION = YES;
				CLANG_WARN_NON_LITERAL_NULL_CONVERSION = YES;
				CLANG_WARN_OBJC_IMPLICIT_RETAIN_SELF = YES;
				CLANG_WARN_OBJC_LITERAL_CONVERSION = YES;
				CLANG_WARN_OBJC_ROOT_CLASS = YES_ERROR;
				CLANG_WARN_RANGE_LOOP_ANALYSIS = YES;
				CLANG_WARN_STRICT_PROTOTYPES = YES;
				CLANG_WARN_SUSPICIOUS_MOVE = YES;
				CLANG_WARN_UNGUARDED_AVAILABILITY = YES_AGGRESSIVE;
				CLANG_WARN_UNREACHABLE_CODE = YES;
				CLANG_WARN__DUPLICATE_METHOD_MATCH = YES;
				COPY_PHASE_STRIP = NO;
				DEBUG_INFORMATION_FORMAT = dwarf;
				ENABLE_STRICT_OBJC_MSGSEND = YES;
				ENABLE_TESTABILITY = YES;
				GCC_C_LANGUAGE_STANDARD = gnu11;
				GCC_DYNAMIC_NO_PIC = NO;
				GCC_NO_COMMON_BLOCKS = YES;
				GCC_OPTIMIZATION_LEVEL = 0;
				GCC_PREPROCESSOR_DEFINITIONS = (
					"DEBUG=1",
					"$(inherited)",
				);
				GCC_WARN_64_TO_32_BIT_CONVERSION = YES;
				GCC_WARN_ABOUT_RETURN_TYPE = YES_ERROR;
				GCC_WARN_UNDECLARED_SELECTOR = YES;
				GCC_WARN_UNINITIALIZED_AUTOS = YES_AGGRESSIVE;
				GCC_WARN_UNUSED_FUNCTION = YES;
				GCC_WARN_UNUSED_VARIABLE = YES;
				IPHONEOS_DEPLOYMENT_TARGET = 13.0;
				MTL_ENABLE_DEBUG_INFO = INCLUDE_SOURCE;
				MTL_FAST_MATH = YES;
				ONLY_ACTIVE_ARCH = YES;
				SDKROOT = iphoneos;
				SWIFT_ACTIVE_COMPILATION_CONDITIONS = DEBUG;
				SWIFT_OPTIMIZATION_LEVEL = "-Onone";
			};
			name = Debug;
		};
		6F3137D823543B18006C3AF5 /* Release */ = {
			isa = XCBuildConfiguration;
			buildSettings = {
				ALWAYS_SEARCH_USER_PATHS = NO;
				CLANG_ANALYZER_NONNULL = YES;
				CLANG_ANALYZER_NUMBER_OBJECT_CONVERSION = YES_AGGRESSIVE;
				CLANG_CXX_LANGUAGE_STANDARD = "gnu++14";
				CLANG_CXX_LIBRARY = "libc++";
				CLANG_ENABLE_MODULES = YES;
				CLANG_ENABLE_OBJC_ARC = YES;
				CLANG_ENABLE_OBJC_WEAK = YES;
				CLANG_WARN_BLOCK_CAPTURE_AUTORELEASING = YES;
				CLANG_WARN_BOOL_CONVERSION = YES;
				CLANG_WARN_COMMA = YES;
				CLANG_WARN_CONSTANT_CONVERSION = YES;
				CLANG_WARN_DEPRECATED_OBJC_IMPLEMENTATIONS = YES;
				CLANG_WARN_DIRECT_OBJC_ISA_USAGE = YES_ERROR;
				CLANG_WARN_DOCUMENTATION_COMMENTS = YES;
				CLANG_WARN_EMPTY_BODY = YES;
				CLANG_WARN_ENUM_CONVERSION = YES;
				CLANG_WARN_INFINITE_RECURSION = YES;
				CLANG_WARN_INT_CONVERSION = YES;
				CLANG_WARN_NON_LITERAL_NULL_CONVERSION = YES;
				CLANG_WARN_OBJC_IMPLICIT_RETAIN_SELF = YES;
				CLANG_WARN_OBJC_LITERAL_CONVERSION = YES;
				CLANG_WARN_OBJC_ROOT_CLASS = YES_ERROR;
				CLANG_WARN_RANGE_LOOP_ANALYSIS = YES;
				CLANG_WARN_STRICT_PROTOTYPES = YES;
				CLANG_WARN_SUSPICIOUS_MOVE = YES;
				CLANG_WARN_UNGUARDED_AVAILABILITY = YES_AGGRESSIVE;
				CLANG_WARN_UNREACHABLE_CODE = YES;
				CLANG_WARN__DUPLICATE_METHOD_MATCH = YES;
				COPY_PHASE_STRIP = NO;
				DEBUG_INFORMATION_FORMAT = "dwarf-with-dsym";
				ENABLE_NS_ASSERTIONS = NO;
				ENABLE_STRICT_OBJC_MSGSEND = YES;
				GCC_C_LANGUAGE_STANDARD = gnu11;
				GCC_NO_COMMON_BLOCKS = YES;
				GCC_WARN_64_TO_32_BIT_CONVERSION = YES;
				GCC_WARN_ABOUT_RETURN_TYPE = YES_ERROR;
				GCC_WARN_UNDECLARED_SELECTOR = YES;
				GCC_WARN_UNINITIALIZED_AUTOS = YES_AGGRESSIVE;
				GCC_WARN_UNUSED_FUNCTION = YES;
				GCC_WARN_UNUSED_VARIABLE = YES;
				IPHONEOS_DEPLOYMENT_TARGET = 13.0;
				MTL_ENABLE_DEBUG_INFO = NO;
				MTL_FAST_MATH = YES;
				SDKROOT = iphoneos;
				SWIFT_COMPILATION_MODE = wholemodule;
				SWIFT_OPTIMIZATION_LEVEL = "-O";
				VALIDATE_PRODUCT = YES;
			};
			name = Release;
		};
		6F3137DA23543B18006C3AF5 /* Debug */ = {
			isa = XCBuildConfiguration;
			buildSettings = {
				ASSETCATALOG_COMPILER_APPICON_NAME = AppIcon;
				CODE_SIGN_STYLE = Automatic;
				DEVELOPMENT_TEAM = 44PX28626R;
				INFOPLIST_FILE = "Virtual Tourist/Info.plist";
				LD_RUNPATH_SEARCH_PATHS = (
					"$(inherited)",
					"@executable_path/Frameworks",
				);
				PRODUCT_BUNDLE_IDENTIFIER = "moafaq.Virtual-Tourist";
				PRODUCT_NAME = "$(TARGET_NAME)";
				SWIFT_VERSION = 5.0;
				TARGETED_DEVICE_FAMILY = "1,2";
			};
			name = Debug;
		};
		6F3137DB23543B18006C3AF5 /* Release */ = {
			isa = XCBuildConfiguration;
			buildSettings = {
				ASSETCATALOG_COMPILER_APPICON_NAME = AppIcon;
				CODE_SIGN_STYLE = Automatic;
				DEVELOPMENT_TEAM = 44PX28626R;
				INFOPLIST_FILE = "Virtual Tourist/Info.plist";
				LD_RUNPATH_SEARCH_PATHS = (
					"$(inherited)",
					"@executable_path/Frameworks",
				);
				PRODUCT_BUNDLE_IDENTIFIER = "moafaq.Virtual-Tourist";
				PRODUCT_NAME = "$(TARGET_NAME)";
				SWIFT_VERSION = 5.0;
				TARGETED_DEVICE_FAMILY = "1,2";
			};
			name = Release;
		};
/* End XCBuildConfiguration section */

/* Begin XCConfigurationList section */
		6F3137BD23543B16006C3AF5 /* Build configuration list for PBXProject "Virtual Tourist" */ = {
			isa = XCConfigurationList;
			buildConfigurations = (
				6F3137D723543B18006C3AF5 /* Debug */,
				6F3137D823543B18006C3AF5 /* Release */,
			);
			defaultConfigurationIsVisible = 0;
			defaultConfigurationName = Release;
		};
		6F3137D923543B18006C3AF5 /* Build configuration list for PBXNativeTarget "Virtual Tourist" */ = {
			isa = XCConfigurationList;
			buildConfigurations = (
				6F3137DA23543B18006C3AF5 /* Debug */,
				6F3137DB23543B18006C3AF5 /* Release */,
			);
			defaultConfigurationIsVisible = 0;
			defaultConfigurationName = Release;
		};
/* End XCConfigurationList section */

/* Begin XCVersionGroup section */
		6F3137CE23543B17006C3AF5 /* Virtual_Tourist.xcdatamodeld */ = {
			isa = XCVersionGroup;
			children = (
				6F3137CF23543B17006C3AF5 /* Virtual_Tourist.xcdatamodel */,
			);
			currentVersion = 6F3137CF23543B17006C3AF5 /* Virtual_Tourist.xcdatamodel */;
			path = Virtual_Tourist.xcdatamodeld;
			sourceTree = "<group>";
			versionGroupType = wrapper.xcdatamodel;
		};
/* End XCVersionGroup section */
	};
	rootObject = 6F3137BA23543B16006C3AF5 /* Project object */;
}
